
Microsoft Visual Studio Solution File, Format Version 12.00
# Visual Studio Version 16
VisualStudioVersion = 16.0.31624.102
MinimumVisualStudioVersion = 10.0.40219.1
Project("{8BC9CEB8-8B4A-11D0-8D11-00A0C91BC942}") = "the_ultimate_quizgame", "the_ultimate_quizgame.vcxproj", "{5636A3BE-F6A9-45F2-95E1-200C4667ECC6}"
EndProject
Global
	GlobalSection(SolutionConfigurationPlatforms) = preSolution
		Debug|x64 = Debug|x64
		Debug|x86 = Debug|x86
		Release|x64 = Release|x64
		Release|x86 = Release|x86
	EndGlobalSection
	GlobalSection(ProjectConfigurationPlatforms) = postSolution
		{5636A3BE-F6A9-45F2-95E1-200C4667ECC6}.Debug|x64.ActiveCfg = Debug|x64
		{5636A3BE-F6A9-45F2-95E1-200C4667ECC6}.Debug|x64.Build.0 = Debug|x64
		{5636A3BE-F6A9-45F2-95E1-200C4667ECC6}.Debug|x86.ActiveCfg = Debug|Win32
		{5636A3BE-F6A9-45F2-95E1-200C4667ECC6}.Debug|x86.Build.0 = Debug|Win32
		{5636A3BE-F6A9-45F2-95E1-200C4667ECC6}.Release|x64.ActiveCfg = Release|x64
		{5636A3BE-F6A9-45F2-95E1-200C4667ECC6}.Release|x64.Build.0 = Release|x64
		{5636A3BE-F6A9-45F2-95E1-200C4667ECC6}.Release|x86.ActiveCfg = Release|Win32
		{5636A3BE-F6A9-45F2-95E1-200C4667ECC6}.Release|x86.Build.0 = Release|Win32
	EndGlobalSection
	GlobalSection(SolutionProperties) = preSolution
		HideSolutionNode = FALSE
	EndGlobalSection
	GlobalSection(ExtensibilityGlobals) = postSolution
		SolutionGuid = {D93ADE6B-A4E4-4B35-B012-42361D5D66B2}
	EndGlobalSection
EndGlobal
